
Microsoft Visual Studio Solution File, Format Version 12.00
# Visual Studio Version 17
VisualStudioVersion = 17.3.32929.385
MinimumVisualStudioVersion = 10.0.40219.1
Project("{FAE04EC0-301F-11D3-BF4B-00C04F79EFBC}") = "HouseRentingSystem", "HouseRentingSystem\HouseRentingSystem.csproj", "{8D602DA8-F282-4F04-8070-09CF77C00D10}"
EndProject
Global
	GlobalSection(SolutionConfigurationPlatforms) = preSolution
		Debug|Any CPU = Debug|Any CPU
		Release|Any CPU = Release|Any CPU
	EndGlobalSection
	GlobalSection(ProjectConfigurationPlatforms) = postSolution
		{8D602DA8-F282-4F04-8070-09CF77C00D10}.Debug|Any CPU.ActiveCfg = Debug|Any CPU
		{8D602DA8-F282-4F04-8070-09CF77C00D10}.Debug|Any CPU.Build.0 = Debug|Any CPU
		{8D602DA8-F282-4F04-8070-09CF77C00D10}.Release|Any CPU.ActiveCfg = Release|Any CPU
		{8D602DA8-F282-4F04-8070-09CF77C00D10}.Release|Any CPU.Build.0 = Release|Any CPU
	EndGlobalSection
	GlobalSection(SolutionProperties) = preSolution
		HideSolutionNode = FALSE
	EndGlobalSection
	GlobalSection(ExtensibilityGlobals) = postSolution
		SolutionGuid = {DC9BEC61-B2E7-44BE-9DDA-D4E29229AD41}
	EndGlobalSection
EndGlobal
