
Microsoft Visual Studio Solution File, Format Version 12.00
# Visual Studio Version 17
VisualStudioVersion = 17.3.32901.215
MinimumVisualStudioVersion = 10.0.40219.1
Project("{FAE04EC0-301F-11D3-BF4B-00C04F79EFBC}") = "ForumApp", "ForumApp\ForumApp.csproj", "{FE942C4B-26A0-4CC1-A121-83350AFA3491}"
EndProject
Global
	GlobalSection(SolutionConfigurationPlatforms) = preSolution
		Debug|Any CPU = Debug|Any CPU
		Release|Any CPU = Release|Any CPU
	EndGlobalSection
	GlobalSection(ProjectConfigurationPlatforms) = postSolution
		{FE942C4B-26A0-4CC1-A121-83350AFA3491}.Debug|Any CPU.ActiveCfg = Debug|Any CPU
		{FE942C4B-26A0-4CC1-A121-83350AFA3491}.Debug|Any CPU.Build.0 = Debug|Any CPU
		{FE942C4B-26A0-4CC1-A121-83350AFA3491}.Release|Any CPU.ActiveCfg = Release|Any CPU
		{FE942C4B-26A0-4CC1-A121-83350AFA3491}.Release|Any CPU.Build.0 = Release|Any CPU
	EndGlobalSection
	GlobalSection(SolutionProperties) = preSolution
		HideSolutionNode = FALSE
	EndGlobalSection
	GlobalSection(ExtensibilityGlobals) = postSolution
		SolutionGuid = {82AB91DC-2B51-4ADC-8028-CF79122E1665}
	EndGlobalSection
EndGlobal
